
Microsoft Visual Studio Solution File, Format Version 12.00
# Visual Studio 14
VisualStudioVersion = 14.0.24720.0
MinimumVisualStudioVersion = 10.0.40219.1
Project("{FAE04EC0-301F-11D3-BF4B-00C04F79EFBC}") = "Snap", "Snap\Snap.csproj", "{4C7D88D9-F492-4769-AC0F-4BD9C6A1F8CE}"
EndProject
Global
	GlobalSection(SolutionConfigurationPlatforms) = preSolution
		Debug|Any CPU = Debug|Any CPU
		Release|Any CPU = Release|Any CPU
	EndGlobalSection
	GlobalSection(ProjectConfigurationPlatforms) = postSolution
		{4C7D88D9-F492-4769-AC0F-4BD9C6A1F8CE}.Debug|Any CPU.ActiveCfg = Debug|Any CPU
		{4C7D88D9-F492-4769-AC0F-4BD9C6A1F8CE}.Debug|Any CPU.Build.0 = Debug|Any CPU
		{4C7D88D9-F492-4769-AC0F-4BD9C6A1F8CE}.Release|Any CPU.ActiveCfg = Release|Any CPU
		{4C7D88D9-F492-4769-AC0F-4BD9C6A1F8CE}.Release|Any CPU.Build.0 = Release|Any CPU
	EndGlobalSection
	GlobalSection(SolutionProperties) = preSolution
		HideSolutionNode = FALSE
	EndGlobalSection
EndGlobal
